
Microsoft Visual Studio Solution File, Format Version 12.00
# Visual Studio Version 17
VisualStudioVersion = 17.7.34024.191
MinimumVisualStudioVersion = 10.0.40219.1
Project("{FAE04EC0-301F-11D3-BF4B-00C04F79EFBC}") = "ProductManager.API", "ProductManager.API\ProductManager.API.csproj", "{6BA382DB-4301-46E5-B0A6-309356286365}"
EndProject
Project("{FAE04EC0-301F-11D3-BF4B-00C04F79EFBC}") = "ProductManager.Domain", "ProductManager.Domain\ProductManager.Domain.csproj", "{61E3D17E-045B-47DC-8951-0E475F754EAC}"
EndProject
Project("{FAE04EC0-301F-11D3-BF4B-00C04F79EFBC}") = "ProductManager.Application", "ProductManager.Application\ProductManager.Application.csproj", "{B2A388EA-AF18-4178-961A-730A75CBCA64}"
EndProject
Project("{FAE04EC0-301F-11D3-BF4B-00C04F79EFBC}") = "ProductManager.Infrastructure", "ProductManager.Infrastructure\ProductManager.Infrastructure.csproj", "{D75674BD-FBBD-46FC-8EE2-3D00CC169A8C}"
EndProject
Project("{FAE04EC0-301F-11D3-BF4B-00C04F79EFBC}") = "ProductManager.Tests", "ProductManager.Tests\ProductManager.Tests.csproj", "{A72410B5-6BFB-40EF-91DC-142FC85FCAC0}"
EndProject
Global
	GlobalSection(SolutionConfigurationPlatforms) = preSolution
		Debug|Any CPU = Debug|Any CPU
		Release|Any CPU = Release|Any CPU
	EndGlobalSection
	GlobalSection(ProjectConfigurationPlatforms) = postSolution
		{6BA382DB-4301-46E5-B0A6-309356286365}.Debug|Any CPU.ActiveCfg = Debug|Any CPU
		{6BA382DB-4301-46E5-B0A6-309356286365}.Debug|Any CPU.Build.0 = Debug|Any CPU
		{6BA382DB-4301-46E5-B0A6-309356286365}.Release|Any CPU.ActiveCfg = Release|Any CPU
		{6BA382DB-4301-46E5-B0A6-309356286365}.Release|Any CPU.Build.0 = Release|Any CPU
		{61E3D17E-045B-47DC-8951-0E475F754EAC}.Debug|Any CPU.ActiveCfg = Debug|Any CPU
		{61E3D17E-045B-47DC-8951-0E475F754EAC}.Debug|Any CPU.Build.0 = Debug|Any CPU
		{61E3D17E-045B-47DC-8951-0E475F754EAC}.Release|Any CPU.ActiveCfg = Release|Any CPU
		{61E3D17E-045B-47DC-8951-0E475F754EAC}.Release|Any CPU.Build.0 = Release|Any CPU
		{B2A388EA-AF18-4178-961A-730A75CBCA64}.Debug|Any CPU.ActiveCfg = Debug|Any CPU
		{B2A388EA-AF18-4178-961A-730A75CBCA64}.Debug|Any CPU.Build.0 = Debug|Any CPU
		{B2A388EA-AF18-4178-961A-730A75CBCA64}.Release|Any CPU.ActiveCfg = Release|Any CPU
		{B2A388EA-AF18-4178-961A-730A75CBCA64}.Release|Any CPU.Build.0 = Release|Any CPU
		{D75674BD-FBBD-46FC-8EE2-3D00CC169A8C}.Debug|Any CPU.ActiveCfg = Debug|Any CPU
		{D75674BD-FBBD-46FC-8EE2-3D00CC169A8C}.Debug|Any CPU.Build.0 = Debug|Any CPU
		{D75674BD-FBBD-46FC-8EE2-3D00CC169A8C}.Release|Any CPU.ActiveCfg = Release|Any CPU
		{D75674BD-FBBD-46FC-8EE2-3D00CC169A8C}.Release|Any CPU.Build.0 = Release|Any CPU
		{A72410B5-6BFB-40EF-91DC-142FC85FCAC0}.Debug|Any CPU.ActiveCfg = Debug|Any CPU
		{A72410B5-6BFB-40EF-91DC-142FC85FCAC0}.Debug|Any CPU.Build.0 = Debug|Any CPU
		{A72410B5-6BFB-40EF-91DC-142FC85FCAC0}.Release|Any CPU.ActiveCfg = Release|Any CPU
		{A72410B5-6BFB-40EF-91DC-142FC85FCAC0}.Release|Any CPU.Build.0 = Release|Any CPU
	EndGlobalSection
	GlobalSection(SolutionProperties) = preSolution
		HideSolutionNode = FALSE
	EndGlobalSection
	GlobalSection(ExtensibilityGlobals) = postSolution
		SolutionGuid = {FC07C282-125D-4588-B159-36870D285FE0}
	EndGlobalSection
EndGlobal
